
Microsoft Visual Studio Solution File, Format Version 12.00
# Visual Studio Version 16
VisualStudioVersion = 16.0.30225.117
MinimumVisualStudioVersion = 10.0.40219.1
Project("{FAE04EC0-301F-11D3-BF4B-00C04F79EFBC}") = "SSRSWebDataService", "SSRSWebDataService\SSRSWebDataService.csproj", "{56866DC6-9D2A-40B6-95D1-5BD10F0320F0}"
EndProject
Global
	GlobalSection(SolutionConfigurationPlatforms) = preSolution
		Debug|Any CPU = Debug|Any CPU
		Release|Any CPU = Release|Any CPU
	EndGlobalSection
	GlobalSection(ProjectConfigurationPlatforms) = postSolution
		{56866DC6-9D2A-40B6-95D1-5BD10F0320F0}.Debug|Any CPU.ActiveCfg = Debug|Any CPU
		{56866DC6-9D2A-40B6-95D1-5BD10F0320F0}.Debug|Any CPU.Build.0 = Debug|Any CPU
		{56866DC6-9D2A-40B6-95D1-5BD10F0320F0}.Release|Any CPU.ActiveCfg = Release|Any CPU
		{56866DC6-9D2A-40B6-95D1-5BD10F0320F0}.Release|Any CPU.Build.0 = Release|Any CPU
	EndGlobalSection
	GlobalSection(SolutionProperties) = preSolution
		HideSolutionNode = FALSE
	EndGlobalSection
	GlobalSection(ExtensibilityGlobals) = postSolution
		SolutionGuid = {3BFE504D-8BD4-47A7-BFCA-DEB79820204A}
	EndGlobalSection
EndGlobal
